lockfileVersion: '9.0'

settings:
  autoInstallPeers: true
  excludeLinksFromLockfile: false

importers:

  .:
    devDependencies:
      '@types/node':
        specifier: ^24.6.1
        version: 24.6.1

packages:

  '@types/node@24.6.1':
    resolution: {integrity: sha512-ljvjjs3DNXummeIaooB4cLBKg2U6SPI6Hjra/9rRIy7CpM0HpLtG9HptkMKAb4HYWy5S7HUvJEuWgr/y0U8SHw==}

  undici-types@7.13.0:
    resolution: {integrity: sha512-Ov2Rr9Sx+fRgagJ5AX0qvItZG/JKKoBRAVITs1zk7IqZGTJUwgUr7qoYBpWwakpWilTZFM98rG/AFRocu10iIQ==}

snapshots:

  '@types/node@24.6.1':
    dependencies:
      undici-types: 7.13.0

  undici-types@7.13.0: {}
